
Microsoft Visual Studio Solution File, Format Version 12.00
# Visual Studio Version 16
VisualStudioVersion = 16.0.33927.289
MinimumVisualStudioVersion = 10.0.40219.1
Project("{FAE04EC0-301F-11D3-BF4B-00C04F79EFBC}") = "2jegy", "2jegy\2jegy.csproj", "{2C31038C-BF3B-46D2-94B5-A7974495F34E}"
EndProject
Global
	GlobalSection(SolutionConfigurationPlatforms) = preSolution
		Debug|Any CPU = Debug|Any CPU
		Release|Any CPU = Release|Any CPU
	EndGlobalSection
	GlobalSection(ProjectConfigurationPlatforms) = postSolution
		{2C31038C-BF3B-46D2-94B5-A7974495F34E}.Debug|Any CPU.ActiveCfg = Debug|Any CPU
		{2C31038C-BF3B-46D2-94B5-A7974495F34E}.Debug|Any CPU.Build.0 = Debug|Any CPU
		{2C31038C-BF3B-46D2-94B5-A7974495F34E}.Release|Any CPU.ActiveCfg = Release|Any CPU
		{2C31038C-BF3B-46D2-94B5-A7974495F34E}.Release|Any CPU.Build.0 = Release|Any CPU
	EndGlobalSection
	GlobalSection(SolutionProperties) = preSolution
		HideSolutionNode = FALSE
	EndGlobalSection
	GlobalSection(ExtensibilityGlobals) = postSolution
		SolutionGuid = {D902DDF0-43BF-4F9E-A409-3222C7625658}
	EndGlobalSection
EndGlobal
