
Microsoft Visual Studio Solution File, Format Version 12.00
# Visual Studio Version 17
VisualStudioVersion = 17.7.34024.191
MinimumVisualStudioVersion = 10.0.40219.1
Project("{FAE04EC0-301F-11D3-BF4B-00C04F79EFBC}") = "GUIgyak", "GUIgyak.csproj", "{6DCAE8EA-8BD1-46F8-A085-41B2AB118D4B}"
EndProject
Global
	GlobalSection(SolutionConfigurationPlatforms) = preSolution
		Debug|Any CPU = Debug|Any CPU
		Release|Any CPU = Release|Any CPU
	EndGlobalSection
	GlobalSection(ProjectConfigurationPlatforms) = postSolution
		{6DCAE8EA-8BD1-46F8-A085-41B2AB118D4B}.Debug|Any CPU.ActiveCfg = Debug|Any CPU
		{6DCAE8EA-8BD1-46F8-A085-41B2AB118D4B}.Debug|Any CPU.Build.0 = Debug|Any CPU
		{6DCAE8EA-8BD1-46F8-A085-41B2AB118D4B}.Release|Any CPU.ActiveCfg = Release|Any CPU
		{6DCAE8EA-8BD1-46F8-A085-41B2AB118D4B}.Release|Any CPU.Build.0 = Release|Any CPU
	EndGlobalSection
	GlobalSection(SolutionProperties) = preSolution
		HideSolutionNode = FALSE
	EndGlobalSection
	GlobalSection(ExtensibilityGlobals) = postSolution
		SolutionGuid = {8B8E8280-CB0C-4D5C-B8A9-B56862B9DB9B}
	EndGlobalSection
EndGlobal
