
Microsoft Visual Studio Solution File, Format Version 12.00
# Visual Studio Version 17
VisualStudioVersion = 17.7.34024.191
MinimumVisualStudioVersion = 10.0.40219.1
Project("{FAE04EC0-301F-11D3-BF4B-00C04F79EFBC}") = "Bastyak", "Bastyak.csproj", "{AA759952-A0CB-43DE-9858-C2E2448C4205}"
EndProject
Global
	GlobalSection(SolutionConfigurationPlatforms) = preSolution
		Debug|Any CPU = Debug|Any CPU
		Release|Any CPU = Release|Any CPU
	EndGlobalSection
	GlobalSection(ProjectConfigurationPlatforms) = postSolution
		{AA759952-A0CB-43DE-9858-C2E2448C4205}.Debug|Any CPU.ActiveCfg = Debug|Any CPU
		{AA759952-A0CB-43DE-9858-C2E2448C4205}.Debug|Any CPU.Build.0 = Debug|Any CPU
		{AA759952-A0CB-43DE-9858-C2E2448C4205}.Release|Any CPU.ActiveCfg = Release|Any CPU
		{AA759952-A0CB-43DE-9858-C2E2448C4205}.Release|Any CPU.Build.0 = Release|Any CPU
	EndGlobalSection
	GlobalSection(SolutionProperties) = preSolution
		HideSolutionNode = FALSE
	EndGlobalSection
	GlobalSection(ExtensibilityGlobals) = postSolution
		SolutionGuid = {65829B87-0041-4CDD-AB6B-8DC8E51EAB6B}
	EndGlobalSection
EndGlobal
