
Microsoft Visual Studio Solution File, Format Version 12.00
# Visual Studio Version 17
VisualStudioVersion = 17.7.34024.191
MinimumVisualStudioVersion = 10.0.40219.1
Project("{FAE04EC0-301F-11D3-BF4B-00C04F79EFBC}") = "fejvagyiras", "fejvagyiras.csproj", "{A6DEFBD8-275B-49D7-94B9-FF8EA7EC5750}"
EndProject
Global
	GlobalSection(SolutionConfigurationPlatforms) = preSolution
		Debug|Any CPU = Debug|Any CPU
		Release|Any CPU = Release|Any CPU
	EndGlobalSection
	GlobalSection(ProjectConfigurationPlatforms) = postSolution
		{A6DEFBD8-275B-49D7-94B9-FF8EA7EC5750}.Debug|Any CPU.ActiveCfg = Debug|Any CPU
		{A6DEFBD8-275B-49D7-94B9-FF8EA7EC5750}.Debug|Any CPU.Build.0 = Debug|Any CPU
		{A6DEFBD8-275B-49D7-94B9-FF8EA7EC5750}.Release|Any CPU.ActiveCfg = Release|Any CPU
		{A6DEFBD8-275B-49D7-94B9-FF8EA7EC5750}.Release|Any CPU.Build.0 = Release|Any CPU
	EndGlobalSection
	GlobalSection(SolutionProperties) = preSolution
		HideSolutionNode = FALSE
	EndGlobalSection
	GlobalSection(ExtensibilityGlobals) = postSolution
		SolutionGuid = {BDE18028-25EB-4D24-8BC2-D9E719C95A96}
	EndGlobalSection
EndGlobal
