
Microsoft Visual Studio Solution File, Format Version 12.00
# Visual Studio Version 17
VisualStudioVersion = 17.7.34024.191
MinimumVisualStudioVersion = 10.0.40219.1
Project("{FAE04EC0-301F-11D3-BF4B-00C04F79EFBC}") = "DolgozatJav", "DolgozatJav.csproj", "{C28F7EA2-084B-4C0D-A70A-DBC3271BCDFC}"
EndProject
Global
	GlobalSection(SolutionConfigurationPlatforms) = preSolution
		Debug|Any CPU = Debug|Any CPU
		Release|Any CPU = Release|Any CPU
	EndGlobalSection
	GlobalSection(ProjectConfigurationPlatforms) = postSolution
		{C28F7EA2-084B-4C0D-A70A-DBC3271BCDFC}.Debug|Any CPU.ActiveCfg = Debug|Any CPU
		{C28F7EA2-084B-4C0D-A70A-DBC3271BCDFC}.Debug|Any CPU.Build.0 = Debug|Any CPU
		{C28F7EA2-084B-4C0D-A70A-DBC3271BCDFC}.Release|Any CPU.ActiveCfg = Release|Any CPU
		{C28F7EA2-084B-4C0D-A70A-DBC3271BCDFC}.Release|Any CPU.Build.0 = Release|Any CPU
	EndGlobalSection
	GlobalSection(SolutionProperties) = preSolution
		HideSolutionNode = FALSE
	EndGlobalSection
	GlobalSection(ExtensibilityGlobals) = postSolution
		SolutionGuid = {6AACFD63-74AC-462A-B95F-32A16FC460D8}
	EndGlobalSection
EndGlobal
