
Microsoft Visual Studio Solution File, Format Version 12.00
# Visual Studio Version 17
VisualStudioVersion = 17.10.35122.118
MinimumVisualStudioVersion = 10.0.40219.1
Project("{FAE04EC0-301F-11D3-BF4B-00C04F79EFBC}") = "konyvescucc", "konyvescucc.csproj", "{0A56F42A-E05B-407B-8607-89B0C334454E}"
EndProject
Global
	GlobalSection(SolutionConfigurationPlatforms) = preSolution
		Debug|Any CPU = Debug|Any CPU
		Release|Any CPU = Release|Any CPU
	EndGlobalSection
	GlobalSection(ProjectConfigurationPlatforms) = postSolution
		{0A56F42A-E05B-407B-8607-89B0C334454E}.Debug|Any CPU.ActiveCfg = Debug|Any CPU
		{0A56F42A-E05B-407B-8607-89B0C334454E}.Debug|Any CPU.Build.0 = Debug|Any CPU
		{0A56F42A-E05B-407B-8607-89B0C334454E}.Release|Any CPU.ActiveCfg = Release|Any CPU
		{0A56F42A-E05B-407B-8607-89B0C334454E}.Release|Any CPU.Build.0 = Release|Any CPU
	EndGlobalSection
	GlobalSection(SolutionProperties) = preSolution
		HideSolutionNode = FALSE
	EndGlobalSection
	GlobalSection(ExtensibilityGlobals) = postSolution
		SolutionGuid = {93AC54DD-7B66-4345-9B74-9F9C36E9A548}
	EndGlobalSection
EndGlobal
