
Microsoft Visual Studio Solution File, Format Version 12.00
# Visual Studio Version 16
VisualStudioVersion = 16.0.33927.289
MinimumVisualStudioVersion = 10.0.40219.1
Project("{FAE04EC0-301F-11D3-BF4B-00C04F79EFBC}") = "5_valahogy", "5_valahogy\5_valahogy.csproj", "{CF32D73B-71FD-4BB1-BB64-6DB6B42CE703}"
EndProject
Global
	GlobalSection(SolutionConfigurationPlatforms) = preSolution
		Debug|Any CPU = Debug|Any CPU
		Release|Any CPU = Release|Any CPU
	EndGlobalSection
	GlobalSection(ProjectConfigurationPlatforms) = postSolution
		{CF32D73B-71FD-4BB1-BB64-6DB6B42CE703}.Debug|Any CPU.ActiveCfg = Debug|Any CPU
		{CF32D73B-71FD-4BB1-BB64-6DB6B42CE703}.Debug|Any CPU.Build.0 = Debug|Any CPU
		{CF32D73B-71FD-4BB1-BB64-6DB6B42CE703}.Release|Any CPU.ActiveCfg = Release|Any CPU
		{CF32D73B-71FD-4BB1-BB64-6DB6B42CE703}.Release|Any CPU.Build.0 = Release|Any CPU
	EndGlobalSection
	GlobalSection(SolutionProperties) = preSolution
		HideSolutionNode = FALSE
	EndGlobalSection
	GlobalSection(ExtensibilityGlobals) = postSolution
		SolutionGuid = {1E00C660-C47A-44AB-9BC0-B2AAE7E0BC53}
	EndGlobalSection
EndGlobal
