
Microsoft Visual Studio Solution File, Format Version 12.00
# Visual Studio Version 17
VisualStudioVersion = 17.10.35122.118
MinimumVisualStudioVersion = 10.0.40219.1
Project("{FAE04EC0-301F-11D3-BF4B-00C04F79EFBC}") = "akanAmiTalanJo", "akanAmiTalanJo.csproj", "{38D41962-7941-4910-BDC8-E5C402E8C10F}"
EndProject
Global
	GlobalSection(SolutionConfigurationPlatforms) = preSolution
		Debug|Any CPU = Debug|Any CPU
		Release|Any CPU = Release|Any CPU
	EndGlobalSection
	GlobalSection(ProjectConfigurationPlatforms) = postSolution
		{38D41962-7941-4910-BDC8-E5C402E8C10F}.Debug|Any CPU.ActiveCfg = Debug|Any CPU
		{38D41962-7941-4910-BDC8-E5C402E8C10F}.Debug|Any CPU.Build.0 = Debug|Any CPU
		{38D41962-7941-4910-BDC8-E5C402E8C10F}.Release|Any CPU.ActiveCfg = Release|Any CPU
		{38D41962-7941-4910-BDC8-E5C402E8C10F}.Release|Any CPU.Build.0 = Release|Any CPU
	EndGlobalSection
	GlobalSection(SolutionProperties) = preSolution
		HideSolutionNode = FALSE
	EndGlobalSection
	GlobalSection(ExtensibilityGlobals) = postSolution
		SolutionGuid = {657AF8E7-8EA3-4739-84BF-9F8F7ADB99BD}
	EndGlobalSection
EndGlobal
