
Microsoft Visual Studio Solution File, Format Version 12.00
# Visual Studio Version 17
VisualStudioVersion = 17.7.34024.191
MinimumVisualStudioVersion = 10.0.40219.1
Project("{FAE04EC0-301F-11D3-BF4B-00C04F79EFBC}") = "WPF-03-05", "WPF-03-05.csproj", "{0867D223-02C7-4223-AC2F-A00E5B1E5136}"
EndProject
Global
	GlobalSection(SolutionConfigurationPlatforms) = preSolution
		Debug|Any CPU = Debug|Any CPU
		Release|Any CPU = Release|Any CPU
	EndGlobalSection
	GlobalSection(ProjectConfigurationPlatforms) = postSolution
		{0867D223-02C7-4223-AC2F-A00E5B1E5136}.Debug|Any CPU.ActiveCfg = Debug|Any CPU
		{0867D223-02C7-4223-AC2F-A00E5B1E5136}.Debug|Any CPU.Build.0 = Debug|Any CPU
		{0867D223-02C7-4223-AC2F-A00E5B1E5136}.Release|Any CPU.ActiveCfg = Release|Any CPU
		{0867D223-02C7-4223-AC2F-A00E5B1E5136}.Release|Any CPU.Build.0 = Release|Any CPU
	EndGlobalSection
	GlobalSection(SolutionProperties) = preSolution
		HideSolutionNode = FALSE
	EndGlobalSection
	GlobalSection(ExtensibilityGlobals) = postSolution
		SolutionGuid = {E1ACC9E3-27C1-4103-AA23-948D46779A1E}
	EndGlobalSection
EndGlobal
