
Microsoft Visual Studio Solution File, Format Version 12.00
# Visual Studio Version 17
VisualStudioVersion = 17.7.34024.191
MinimumVisualStudioVersion = 10.0.40219.1
Project("{FAE04EC0-301F-11D3-BF4B-00C04F79EFBC}") = "GUI-02.20(2projekt)", "GUI-02.20(2projekt).csproj", "{9BF21D75-3F3B-4A00-9D8A-9EB6ACB697D9}"
EndProject
Global
	GlobalSection(SolutionConfigurationPlatforms) = preSolution
		Debug|Any CPU = Debug|Any CPU
		Release|Any CPU = Release|Any CPU
	EndGlobalSection
	GlobalSection(ProjectConfigurationPlatforms) = postSolution
		{9BF21D75-3F3B-4A00-9D8A-9EB6ACB697D9}.Debug|Any CPU.ActiveCfg = Debug|Any CPU
		{9BF21D75-3F3B-4A00-9D8A-9EB6ACB697D9}.Debug|Any CPU.Build.0 = Debug|Any CPU
		{9BF21D75-3F3B-4A00-9D8A-9EB6ACB697D9}.Release|Any CPU.ActiveCfg = Release|Any CPU
		{9BF21D75-3F3B-4A00-9D8A-9EB6ACB697D9}.Release|Any CPU.Build.0 = Release|Any CPU
	EndGlobalSection
	GlobalSection(SolutionProperties) = preSolution
		HideSolutionNode = FALSE
	EndGlobalSection
	GlobalSection(ExtensibilityGlobals) = postSolution
		SolutionGuid = {A1288F1D-CD05-4952-AF0C-17C66B4C112D}
	EndGlobalSection
EndGlobal
