
Microsoft Visual Studio Solution File, Format Version 12.00
# Visual Studio Version 17
VisualStudioVersion = 17.7.34202.233
MinimumVisualStudioVersion = 10.0.40219.1
Project("{FAE04EC0-301F-11D3-BF4B-00C04F79EFBC}") = "StringHF", "StringHF\StringHF.csproj", "{5780FB2C-26BF-4EE2-B047-A467582C4EDF}"
EndProject
Global
	GlobalSection(SolutionConfigurationPlatforms) = preSolution
		Debug|Any CPU = Debug|Any CPU
		Release|Any CPU = Release|Any CPU
	EndGlobalSection
	GlobalSection(ProjectConfigurationPlatforms) = postSolution
		{5780FB2C-26BF-4EE2-B047-A467582C4EDF}.Debug|Any CPU.ActiveCfg = Debug|Any CPU
		{5780FB2C-26BF-4EE2-B047-A467582C4EDF}.Debug|Any CPU.Build.0 = Debug|Any CPU
		{5780FB2C-26BF-4EE2-B047-A467582C4EDF}.Release|Any CPU.ActiveCfg = Release|Any CPU
		{5780FB2C-26BF-4EE2-B047-A467582C4EDF}.Release|Any CPU.Build.0 = Release|Any CPU
	EndGlobalSection
	GlobalSection(SolutionProperties) = preSolution
		HideSolutionNode = FALSE
	EndGlobalSection
	GlobalSection(ExtensibilityGlobals) = postSolution
		SolutionGuid = {EAC33867-0745-44F1-A91B-67D925EC869E}
	EndGlobalSection
EndGlobal
