
Microsoft Visual Studio Solution File, Format Version 12.00
# Visual Studio Version 17
VisualStudioVersion = 17.10.35122.118
MinimumVisualStudioVersion = 10.0.40219.1
Project("{FAE04EC0-301F-11D3-BF4B-00C04F79EFBC}") = "regularisValami", "regularisValami.csproj", "{60A91486-0AA6-4181-95BE-1C2407F29B8D}"
EndProject
Global
	GlobalSection(SolutionConfigurationPlatforms) = preSolution
		Debug|Any CPU = Debug|Any CPU
		Release|Any CPU = Release|Any CPU
	EndGlobalSection
	GlobalSection(ProjectConfigurationPlatforms) = postSolution
		{60A91486-0AA6-4181-95BE-1C2407F29B8D}.Debug|Any CPU.ActiveCfg = Debug|Any CPU
		{60A91486-0AA6-4181-95BE-1C2407F29B8D}.Debug|Any CPU.Build.0 = Debug|Any CPU
		{60A91486-0AA6-4181-95BE-1C2407F29B8D}.Release|Any CPU.ActiveCfg = Release|Any CPU
		{60A91486-0AA6-4181-95BE-1C2407F29B8D}.Release|Any CPU.Build.0 = Release|Any CPU
	EndGlobalSection
	GlobalSection(SolutionProperties) = preSolution
		HideSolutionNode = FALSE
	EndGlobalSection
	GlobalSection(ExtensibilityGlobals) = postSolution
		SolutionGuid = {FE46C7A5-3C6D-44B3-93C3-3141DF35F936}
	EndGlobalSection
EndGlobal
