
Microsoft Visual Studio Solution File, Format Version 12.00
# Visual Studio Version 17
VisualStudioVersion = 17.10.35122.118
MinimumVisualStudioVersion = 10.0.40219.1
Project("{FAE04EC0-301F-11D3-BF4B-00C04F79EFBC}") = "GyakNev", "GyakNev.csproj", "{E164EF50-E428-48E7-BBBC-3547744BCF95}"
EndProject
Global
	GlobalSection(SolutionConfigurationPlatforms) = preSolution
		Debug|Any CPU = Debug|Any CPU
		Release|Any CPU = Release|Any CPU
	EndGlobalSection
	GlobalSection(ProjectConfigurationPlatforms) = postSolution
		{E164EF50-E428-48E7-BBBC-3547744BCF95}.Debug|Any CPU.ActiveCfg = Debug|Any CPU
		{E164EF50-E428-48E7-BBBC-3547744BCF95}.Debug|Any CPU.Build.0 = Debug|Any CPU
		{E164EF50-E428-48E7-BBBC-3547744BCF95}.Release|Any CPU.ActiveCfg = Release|Any CPU
		{E164EF50-E428-48E7-BBBC-3547744BCF95}.Release|Any CPU.Build.0 = Release|Any CPU
	EndGlobalSection
	GlobalSection(SolutionProperties) = preSolution
		HideSolutionNode = FALSE
	EndGlobalSection
	GlobalSection(ExtensibilityGlobals) = postSolution
		SolutionGuid = {25548F61-EAA3-414E-BC40-8428F13D387A}
	EndGlobalSection
EndGlobal
